// !$*UTF8*$!
{
	archiveVersion = 1;
	classes = {
	};
	objectVersion = 56;
	objects = {

/* Begin PBXBuildFile section */
		130B44AC2B01DF3200ED5C0C /* MealFetcherApp.swift in Sources */ = {isa = PBXBuildFile; fileRef = 130B44AB2B01DF3200ED5C0C /* MealFetcherApp.swift */; };
		130B44AE2B01DF3200ED5C0C /* MealsListView.swift in Sources */ = {isa = PBXBuildFile; fileRef = 130B44AD2B01DF3200ED5C0C /* MealsListView.swift */; };
		130B44B02B01DF3300ED5C0C /* Assets.xcassets in Resources */ = {isa = PBXBuildFile; fileRef = 130B44AF2B01DF3300ED5C0C /* Assets.xcassets */; };
		130B44B32B01DF3300ED5C0C /* Preview Assets.xcassets in Resources */ = {isa = PBXBuildFile; fileRef = 130B44B22B01DF3300ED5C0C /* Preview Assets.xcassets */; };
		130B44BF2B01E1A500ED5C0C /* Meal.swift in Sources */ = {isa = PBXBuildFile; fileRef = 130B44BE2B01E1A500ED5C0C /* Meal.swift */; };
		130B44C12B01E3D300ED5C0C /* NetworkManager.swift in Sources */ = {isa = PBXBuildFile; fileRef = 130B44C02B01E3D300ED5C0C /* NetworkManager.swift */; };
		130B44C32B01E5C100ED5C0C /* MealsViewModel.swift in Sources */ = {isa = PBXBuildFile; fileRef = 130B44C22B01E5C100ED5C0C /* MealsViewModel.swift */; };
		130B44C52B01EFCF00ED5C0C /* MealCardView.swift in Sources */ = {isa = PBXBuildFile; fileRef = 130B44C42B01EFCF00ED5C0C /* MealCardView.swift */; };
		130B44D32B032E8700ED5C0C /* MealDetail.swift in Sources */ = {isa = PBXBuildFile; fileRef = 130B44D22B032E8700ED5C0C /* MealDetail.swift */; };
		130B44D52B0330B600ED5C0C /* MealDetailsView.swift in Sources */ = {isa = PBXBuildFile; fileRef = 130B44D42B0330B600ED5C0C /* MealDetailsView.swift */; };
		138463F72B04129100F519E0 /* SearchBar.swift in Sources */ = {isa = PBXBuildFile; fileRef = 138463F62B04129100F519E0 /* SearchBar.swift */; };
		138463F92B04176900F519E0 /* SplashScreenView.swift in Sources */ = {isa = PBXBuildFile; fileRef = 138463F82B04176900F519E0 /* SplashScreenView.swift */; };
/* End PBXBuildFile section */

/* Begin PBXFileReference section */
		130B44A82B01DF3200ED5C0C /* MealFetcher.app */ = {isa = PBXFileReference; explicitFileType = wrapper.application; includeInIndex = 0; path = MealFetcher.app; sourceTree = BUILT_PRODUCTS_DIR; };
		130B44AB2B01DF3200ED5C0C /* MealFetcherApp.swift */ = {isa = PBXFileReference; lastKnownFileType = sourcecode.swift; path = MealFetcherApp.swift; sourceTree = "<group>"; };
		130B44AD2B01DF3200ED5C0C /* MealsListView.swift */ = {isa = PBXFileReference; lastKnownFileType = sourcecode.swift; path = MealsListView.swift; sourceTree = "<group>"; };
		130B44AF2B01DF3300ED5C0C /* Assets.xcassets */ = {isa = PBXFileReference; lastKnownFileType = folder.assetcatalog; path = Assets.xcassets; sourceTree = "<group>"; };
		130B44B22B01DF3300ED5C0C /* Preview Assets.xcassets */ = {isa = PBXFileReference; lastKnownFileType = folder.assetcatalog; path = "Preview Assets.xcassets"; sourceTree = "<group>"; };
		130B44BE2B01E1A500ED5C0C /* Meal.swift */ = {isa = PBXFileReference; lastKnownFileType = sourcecode.swift; path = Meal.swift; sourceTree = "<group>"; };
		130B44C02B01E3D300ED5C0C /* NetworkManager.swift */ = {isa = PBXFileReference; lastKnownFileType = sourcecode.swift; path = NetworkManager.swift; sourceTree = "<group>"; };
		130B44C22B01E5C100ED5C0C /* MealsViewModel.swift */ = {isa = PBXFileReference; lastKnownFileType = sourcecode.swift; path = MealsViewModel.swift; sourceTree = "<group>"; };
		130B44C42B01EFCF00ED5C0C /* MealCardView.swift */ = {isa = PBXFileReference; lastKnownFileType = sourcecode.swift; path = MealCardView.swift; sourceTree = "<group>"; };
		130B44D22B032E8700ED5C0C /* MealDetail.swift */ = {isa = PBXFileReference; lastKnownFileType = sourcecode.swift; path = MealDetail.swift; sourceTree = "<group>"; };
		130B44D42B0330B600ED5C0C /* MealDetailsView.swift */ = {isa = PBXFileReference; lastKnownFileType = sourcecode.swift; path = MealDetailsView.swift; sourceTree = "<group>"; };
		138463F62B04129100F519E0 /* SearchBar.swift */ = {isa = PBXFileReference; lastKnownFileType = sourcecode.swift; path = SearchBar.swift; sourceTree = "<group>"; };
		138463F82B04176900F519E0 /* SplashScreenView.swift */ = {isa = PBXFileReference; lastKnownFileType = sourcecode.swift; path = SplashScreenView.swift; sourceTree = "<group>"; };
/* End PBXFileReference section */

/* Begin PBXFrameworksBuildPhase section */
		130B44A52B01DF3200ED5C0C /* Frameworks */ = {
			isa = PBXFrameworksBuildPhase;
			buildActionMask = 2147483647;
			files = (
			);
			runOnlyForDeploymentPostprocessing = 0;
		};
/* End PBXFrameworksBuildPhase section */

/* Begin PBXGroup section */
		130B449F2B01DF3200ED5C0C = {
			isa = PBXGroup;
			children = (
				130B44AA2B01DF3200ED5C0C /* MealFetcher */,
				130B44A92B01DF3200ED5C0C /* Products */,
			);
			sourceTree = "<group>";
		};
		130B44A92B01DF3200ED5C0C /* Products */ = {
			isa = PBXGroup;
			children = (
				130B44A82B01DF3200ED5C0C /* MealFetcher.app */,
			);
			name = Products;
			sourceTree = "<group>";
		};
		130B44AA2B01DF3200ED5C0C /* MealFetcher */ = {
			isa = PBXGroup;
			children = (
				130B44BD2B01E0FB00ED5C0C /* Model */,
				130B44BC2B01E0F400ED5C0C /* View */,
				130B44BB2B01E0EB00ED5C0C /* ViewModel */,
				130B44BA2B01E0DE00ED5C0C /* Network */,
				138463F52B04125B00F519E0 /* Componets */,
				130B44B92B01E0D300ED5C0C /* Support */,
				130B44B12B01DF3300ED5C0C /* Preview Content */,
			);
			path = MealFetcher;
			sourceTree = "<group>";
		};
		130B44B12B01DF3300ED5C0C /* Preview Content */ = {
			isa = PBXGroup;
			children = (
				130B44B22B01DF3300ED5C0C /* Preview Assets.xcassets */,
			);
			path = "Preview Content";
			sourceTree = "<group>";
		};
		130B44B92B01E0D300ED5C0C /* Support */ = {
			isa = PBXGroup;
			children = (
				130B44AB2B01DF3200ED5C0C /* MealFetcherApp.swift */,
				130B44AF2B01DF3300ED5C0C /* Assets.xcassets */,
			);
			path = Support;
			sourceTree = "<group>";
		};
		130B44BA2B01E0DE00ED5C0C /* Network */ = {
			isa = PBXGroup;
			children = (
				130B44C02B01E3D300ED5C0C /* NetworkManager.swift */,
			);
			path = Network;
			sourceTree = "<group>";
		};
		130B44BB2B01E0EB00ED5C0C /* ViewModel */ = {
			isa = PBXGroup;
			children = (
				130B44C22B01E5C100ED5C0C /* MealsViewModel.swift */,
			);
			path = ViewModel;
			sourceTree = "<group>";
		};
		130B44BC2B01E0F400ED5C0C /* View */ = {
			isa = PBXGroup;
			children = (
				130B44AD2B01DF3200ED5C0C /* MealsListView.swift */,
				130B44C42B01EFCF00ED5C0C /* MealCardView.swift */,
				130B44D42B0330B600ED5C0C /* MealDetailsView.swift */,
				138463F82B04176900F519E0 /* SplashScreenView.swift */,
			);
			path = View;
			sourceTree = "<group>";
		};
		130B44BD2B01E0FB00ED5C0C /* Model */ = {
			isa = PBXGroup;
			children = (
				130B44BE2B01E1A500ED5C0C /* Meal.swift */,
				130B44D22B032E8700ED5C0C /* MealDetail.swift */,
			);
			path = Model;
			sourceTree = "<group>";
		};
		138463F52B04125B00F519E0 /* Componets */ = {
			isa = PBXGroup;
			children = (
				138463F62B04129100F519E0 /* SearchBar.swift */,
			);
			path = Componets;
			sourceTree = "<group>";
		};
/* End PBXGroup section */

/* Begin PBXNativeTarget section */
		130B44A72B01DF3200ED5C0C /* MealFetcher */ = {
			isa = PBXNativeTarget;
			buildConfigurationList = 130B44B62B01DF3300ED5C0C /* Build configuration list for PBXNativeTarget "MealFetcher" */;
			buildPhases = (
				130B44A42B01DF3200ED5C0C /* Sources */,
				130B44A52B01DF3200ED5C0C /* Frameworks */,
				130B44A62B01DF3200ED5C0C /* Resources */,
			);
			buildRules = (
			);
			dependencies = (
			);
			name = MealFetcher;
			productName = MealFetcher;
			productReference = 130B44A82B01DF3200ED5C0C /* MealFetcher.app */;
			productType = "com.apple.product-type.application";
		};
/* End PBXNativeTarget section */

/* Begin PBXProject section */
		130B44A02B01DF3200ED5C0C /* Project object */ = {
			isa = PBXProject;
			attributes = {
				BuildIndependentTargetsInParallel = 1;
				LastSwiftUpdateCheck = 1420;
				LastUpgradeCheck = 1420;
				TargetAttributes = {
					130B44A72B01DF3200ED5C0C = {
						CreatedOnToolsVersion = 14.2;
					};
				};
			};
			buildConfigurationList = 130B44A32B01DF3200ED5C0C /* Build configuration list for PBXProject "MealFetcher" */;
			compatibilityVersion = "Xcode 14.0";
			developmentRegion = en;
			hasScannedForEncodings = 0;
			knownRegions = (
				en,
				Base,
			);
			mainGroup = 130B449F2B01DF3200ED5C0C;
			productRefGroup = 130B44A92B01DF3200ED5C0C /* Products */;
			projectDirPath = "";
			projectRoot = "";
			targets = (
				130B44A72B01DF3200ED5C0C /* MealFetcher */,
			);
		};
/* End PBXProject section */

/* Begin PBXResourcesBuildPhase section */
		130B44A62B01DF3200ED5C0C /* Resources */ = {
			isa = PBXResourcesBuildPhase;
			buildActionMask = 2147483647;
			files = (
				130B44B32B01DF3300ED5C0C /* Preview Assets.xcassets in Resources */,
				130B44B02B01DF3300ED5C0C /* Assets.xcassets in Resources */,
			);
			runOnlyForDeploymentPostprocessing = 0;
		};
/* End PBXResourcesBuildPhase section */

/* Begin PBXSourcesBuildPhase section */
		130B44A42B01DF3200ED5C0C /* Sources */ = {
			isa = PBXSourcesBuildPhase;
			buildActionMask = 2147483647;
			files = (
				130B44D52B0330B600ED5C0C /* MealDetailsView.swift in Sources */,
				130B44C52B01EFCF00ED5C0C /* MealCardView.swift in Sources */,
				130B44C12B01E3D300ED5C0C /* NetworkManager.swift in Sources */,
				130B44AE2B01DF3200ED5C0C /* MealsListView.swift in Sources */,
				130B44D32B032E8700ED5C0C /* MealDetail.swift in Sources */,
				138463F72B04129100F519E0 /* SearchBar.swift in Sources */,
				130B44BF2B01E1A500ED5C0C /* Meal.swift in Sources */,
				138463F92B04176900F519E0 /* SplashScreenView.swift in Sources */,
				130B44C32B01E5C100ED5C0C /* MealsViewModel.swift in Sources */,
				130B44AC2B01DF3200ED5C0C /* MealFetcherApp.swift in Sources */,
			);
			runOnlyForDeploymentPostprocessing = 0;
		};
/* End PBXSourcesBuildPhase section */

/* Begin XCBuildConfiguration section */
		130B44B42B01DF3300ED5C0C /* Debug */ = {
			isa = XCBuildConfiguration;
			buildSettings = {
				ALWAYS_SEARCH_USER_PATHS = NO;
				CLANG_ANALYZER_NONNULL = YES;
				CLANG_ANALYZER_NUMBER_OBJECT_CONVERSION = YES_AGGRESSIVE;
				CLANG_CXX_LANGUAGE_STANDARD = "gnu++20";
				CLANG_ENABLE_MODULES = YES;
				CLANG_ENABLE_OBJC_ARC = YES;
				CLANG_ENABLE_OBJC_WEAK = YES;
				CLANG_WARN_BLOCK_CAPTURE_AUTORELEASING = YES;
				CLANG_WARN_BOOL_CONVERSION = YES;
				CLANG_WARN_COMMA = YES;
				CLANG_WARN_CONSTANT_CONVERSION = YES;
				CLANG_WARN_DEPRECATED_OBJC_IMPLEMENTATIONS = YES;
				CLANG_WARN_DIRECT_OBJC_ISA_USAGE = YES_ERROR;
				CLANG_WARN_DOCUMENTATION_COMMENTS = YES;
				CLANG_WARN_EMPTY_BODY = YES;
				CLANG_WARN_ENUM_CONVERSION = YES;
				CLANG_WARN_INFINITE_RECURSION = YES;
				CLANG_WARN_INT_CONVERSION = YES;
				CLANG_WARN_NON_LITERAL_NULL_CONVERSION = YES;
				CLANG_WARN_OBJC_IMPLICIT_RETAIN_SELF = YES;
				CLANG_WARN_OBJC_LITERAL_CONVERSION = YES;
				CLANG_WARN_OBJC_ROOT_CLASS = YES_ERROR;
				CLANG_WARN_QUOTED_INCLUDE_IN_FRAMEWORK_HEADER = YES;
				CLANG_WARN_RANGE_LOOP_ANALYSIS = YES;
				CLANG_WARN_STRICT_PROTOTYPES = YES;
				CLANG_WARN_SUSPICIOUS_MOVE = YES;
				CLANG_WARN_UNGUARDED_AVAILABILITY = YES_AGGRESSIVE;
				CLANG_WARN_UNREACHABLE_CODE = YES;
				CLANG_WARN__DUPLICATE_METHOD_MATCH = YES;
				COPY_PHASE_STRIP = NO;
				DEBUG_INFORMATION_FORMAT = dwarf;
				ENABLE_STRICT_OBJC_MSGSEND = YES;
				ENABLE_TESTABILITY = YES;
				GCC_C_LANGUAGE_STANDARD = gnu11;
				GCC_DYNAMIC_NO_PIC = NO;
				GCC_NO_COMMON_BLOCKS = YES;
				GCC_OPTIMIZATION_LEVEL = 0;
				GCC_PREPROCESSOR_DEFINITIONS = (
					"DEBUG=1",
					"$(inherited)",
				);
				GCC_WARN_64_TO_32_BIT_CONVERSION = YES;
				GCC_WARN_ABOUT_RETURN_TYPE = YES_ERROR;
				GCC_WARN_UNDECLARED_SELECTOR = YES;
				GCC_WARN_UNINITIALIZED_AUTOS = YES_AGGRESSIVE;
				GCC_WARN_UNUSED_FUNCTION = YES;
				GCC_WARN_UNUSED_VARIABLE = YES;
				IPHONEOS_DEPLOYMENT_TARGET = 16.2;
				MTL_ENABLE_DEBUG_INFO = INCLUDE_SOURCE;
				MTL_FAST_MATH = YES;
				ONLY_ACTIVE_ARCH = YES;
				SDKROOT = iphoneos;
				SWIFT_ACTIVE_COMPILATION_CONDITIONS = DEBUG;
				SWIFT_OPTIMIZATION_LEVEL = "-Onone";
			};
			name = Debug;
		};
		130B44B52B01DF3300ED5C0C /* Release */ = {
			isa = XCBuildConfiguration;
			buildSettings = {
				ALWAYS_SEARCH_USER_PATHS = NO;
				CLANG_ANALYZER_NONNULL = YES;
				CLANG_ANALYZER_NUMBER_OBJECT_CONVERSION = YES_AGGRESSIVE;
				CLANG_CXX_LANGUAGE_STANDARD = "gnu++20";
				CLANG_ENABLE_MODULES = YES;
				CLANG_ENABLE_OBJC_ARC = YES;
				CLANG_ENABLE_OBJC_WEAK = YES;
				CLANG_WARN_BLOCK_CAPTURE_AUTORELEASING = YES;
				CLANG_WARN_BOOL_CONVERSION = YES;
				CLANG_WARN_COMMA = YES;
				CLANG_WARN_CONSTANT_CONVERSION = YES;
				CLANG_WARN_DEPRECATED_OBJC_IMPLEMENTATIONS = YES;
				CLANG_WARN_DIRECT_OBJC_ISA_USAGE = YES_ERROR;
				CLANG_WARN_DOCUMENTATION_COMMENTS = YES;
				CLANG_WARN_EMPTY_BODY = YES;
				CLANG_WARN_ENUM_CONVERSION = YES;
				CLANG_WARN_INFINITE_RECURSION = YES;
				CLANG_WARN_INT_CONVERSION = YES;
				CLANG_WARN_NON_LITERAL_NULL_CONVERSION = YES;
				CLANG_WARN_OBJC_IMPLICIT_RETAIN_SELF = YES;
				CLANG_WARN_OBJC_LITERAL_CONVERSION = YES;
				CLANG_WARN_OBJC_ROOT_CLASS = YES_ERROR;
				CLANG_WARN_QUOTED_INCLUDE_IN_FRAMEWORK_HEADER = YES;
				CLANG_WARN_RANGE_LOOP_ANALYSIS = YES;
				CLANG_WARN_STRICT_PROTOTYPES = YES;
				CLANG_WARN_SUSPICIOUS_MOVE = YES;
				CLANG_WARN_UNGUARDED_AVAILABILITY = YES_AGGRESSIVE;
				CLANG_WARN_UNREACHABLE_CODE = YES;
				CLANG_WARN__DUPLICATE_METHOD_MATCH = YES;
				COPY_PHASE_STRIP = NO;
				DEBUG_INFORMATION_FORMAT = "dwarf-with-dsym";
				ENABLE_NS_ASSERTIONS = NO;
				ENABLE_STRICT_OBJC_MSGSEND = YES;
				GCC_C_LANGUAGE_STANDARD = gnu11;
				GCC_NO_COMMON_BLOCKS = YES;
				GCC_WARN_64_TO_32_BIT_CONVERSION = YES;
				GCC_WARN_ABOUT_RETURN_TYPE = YES_ERROR;
				GCC_WARN_UNDECLARED_SELECTOR = YES;
				GCC_WARN_UNINITIALIZED_AUTOS = YES_AGGRESSIVE;
				GCC_WARN_UNUSED_FUNCTION = YES;
				GCC_WARN_UNUSED_VARIABLE = YES;
				IPHONEOS_DEPLOYMENT_TARGET = 16.2;
				MTL_ENABLE_DEBUG_INFO = NO;
				MTL_FAST_MATH = YES;
				SDKROOT = iphoneos;
				SWIFT_COMPILATION_MODE = wholemodule;
				SWIFT_OPTIMIZATION_LEVEL = "-O";
				VALIDATE_PRODUCT = YES;
			};
			name = Release;
		};
		130B44B72B01DF3300ED5C0C /* Debug */ = {
			isa = XCBuildConfiguration;
			buildSettings = {
				ASSETCATALOG_COMPILER_APPICON_NAME = AppIcon;
				ASSETCATALOG_COMPILER_GLOBAL_ACCENT_COLOR_NAME = AccentColor;
				CODE_SIGN_STYLE = Automatic;
				CURRENT_PROJECT_VERSION = 1;
				DEVELOPMENT_ASSET_PATHS = "\"MealFetcher/Preview Content\"";
				DEVELOPMENT_TEAM = T94Y3NV5X8;
				ENABLE_PREVIEWS = YES;
				GENERATE_INFOPLIST_FILE = YES;
				INFOPLIST_KEY_UIApplicationSceneManifest_Generation = YES;
				INFOPLIST_KEY_UIApplicationSupportsIndirectInputEvents = YES;
				INFOPLIST_KEY_UILaunchScreen_Generation = YES;
				INFOPLIST_KEY_UISupportedInterfaceOrientations_iPad = "UIInterfaceOrientationPortrait UIInterfaceOrientationPortraitUpsideDown UIInterfaceOrientationLandscapeLeft UIInterfaceOrientationLandscapeRight";
				INFOPLIST_KEY_UISupportedInterfaceOrientations_iPhone = "UIInterfaceOrientationPortrait UIInterfaceOrientationLandscapeLeft UIInterfaceOrientationLandscapeRight";
				LD_RUNPATH_SEARCH_PATHS = (
					"$(inherited)",
					"@executable_path/Frameworks",
				);
				MARKETING_VERSION = 1.0;
				PRODUCT_BUNDLE_IDENTIFIER = AceEzra.MealFetcher;
				PRODUCT_NAME = "$(TARGET_NAME)";
				SWIFT_EMIT_LOC_STRINGS = YES;
				SWIFT_VERSION = 5.0;
				TARGETED_DEVICE_FAMILY = "1,2";
			};
			name = Debug;
		};
		130B44B82B01DF3300ED5C0C /* Release */ = {
			isa = XCBuildConfiguration;
			buildSettings = {
				ASSETCATALOG_COMPILER_APPICON_NAME = AppIcon;
				ASSETCATALOG_COMPILER_GLOBAL_ACCENT_COLOR_NAME = AccentColor;
				CODE_SIGN_STYLE = Automatic;
				CURRENT_PROJECT_VERSION = 1;
				DEVELOPMENT_ASSET_PATHS = "\"MealFetcher/Preview Content\"";
				DEVELOPMENT_TEAM = T94Y3NV5X8;
				ENABLE_PREVIEWS = YES;
				GENERATE_INFOPLIST_FILE = YES;
				INFOPLIST_KEY_UIApplicationSceneManifest_Generation = YES;
				INFOPLIST_KEY_UIApplicationSupportsIndirectInputEvents = YES;
				INFOPLIST_KEY_UILaunchScreen_Generation = YES;
				INFOPLIST_KEY_UISupportedInterfaceOrientations_iPad = "UIInterfaceOrientationPortrait UIInterfaceOrientationPortraitUpsideDown UIInterfaceOrientationLandscapeLeft UIInterfaceOrientationLandscapeRight";
				INFOPLIST_KEY_UISupportedInterfaceOrientations_iPhone = "UIInterfaceOrientationPortrait UIInterfaceOrientationLandscapeLeft UIInterfaceOrientationLandscapeRight";
				LD_RUNPATH_SEARCH_PATHS = (
					"$(inherited)",
					"@executable_path/Frameworks",
				);
				MARKETING_VERSION = 1.0;
				PRODUCT_BUNDLE_IDENTIFIER = AceEzra.MealFetcher;
				PRODUCT_NAME = "$(TARGET_NAME)";
				SWIFT_EMIT_LOC_STRINGS = YES;
				SWIFT_VERSION = 5.0;
				TARGETED_DEVICE_FAMILY = "1,2";
			};
			name = Release;
		};
/* End XCBuildConfiguration section */

/* Begin XCConfigurationList section */
		130B44A32B01DF3200ED5C0C /* Build configuration list for PBXProject "MealFetcher" */ = {
			isa = XCConfigurationList;
			buildConfigurations = (
				130B44B42B01DF3300ED5C0C /* Debug */,
				130B44B52B01DF3300ED5C0C /* Release */,
			);
			defaultConfigurationIsVisible = 0;
			defaultConfigurationName = Release;
		};
		130B44B62B01DF3300ED5C0C /* Build configuration list for PBXNativeTarget "MealFetcher" */ = {
			isa = XCConfigurationList;
			buildConfigurations = (
				130B44B72B01DF3300ED5C0C /* Debug */,
				130B44B82B01DF3300ED5C0C /* Release */,
			);
			defaultConfigurationIsVisible = 0;
			defaultConfigurationName = Release;
		};
/* End XCConfigurationList section */
	};
	rootObject = 130B44A02B01DF3200ED5C0C /* Project object */;
}
